
Microsoft Visual Studio Solution File, Format Version 12.00
# Visual Studio Version 17
VisualStudioVersion = 17.9.34723.18
MinimumVisualStudioVersion = 10.0.40219.1
Project("{FAE04EC0-301F-11D3-BF4B-00C04F79EFBC}") = "WorkDay.Server", "WorkDay.Server\WorkDay.Server.csproj", "{5F2B4DBB-4E30-4C60-9D59-EC1C68AE2CAF}"
EndProject
Project("{54A90642-561A-4BB1-A94E-469ADEE60C69}") = "workday.client", "workday.client\workday.client.esproj", "{FC42BCFD-7469-42D0-9C62-667A618DA272}"
EndProject
Global
	GlobalSection(SolutionConfigurationPlatforms) = preSolution
		Debug|Any CPU = Debug|Any CPU
		Release|Any CPU = Release|Any CPU
	EndGlobalSection
	GlobalSection(ProjectConfigurationPlatforms) = postSolution
		{5F2B4DBB-4E30-4C60-9D59-EC1C68AE2CAF}.Debug|Any CPU.ActiveCfg = Debug|Any CPU
		{5F2B4DBB-4E30-4C60-9D59-EC1C68AE2CAF}.Debug|Any CPU.Build.0 = Debug|Any CPU
		{5F2B4DBB-4E30-4C60-9D59-EC1C68AE2CAF}.Release|Any CPU.ActiveCfg = Release|Any CPU
		{5F2B4DBB-4E30-4C60-9D59-EC1C68AE2CAF}.Release|Any CPU.Build.0 = Release|Any CPU
		{FC42BCFD-7469-42D0-9C62-667A618DA272}.Debug|Any CPU.ActiveCfg = Debug|Any CPU
		{FC42BCFD-7469-42D0-9C62-667A618DA272}.Debug|Any CPU.Build.0 = Debug|Any CPU
		{FC42BCFD-7469-42D0-9C62-667A618DA272}.Debug|Any CPU.Deploy.0 = Debug|Any CPU
		{FC42BCFD-7469-42D0-9C62-667A618DA272}.Release|Any CPU.ActiveCfg = Release|Any CPU
		{FC42BCFD-7469-42D0-9C62-667A618DA272}.Release|Any CPU.Build.0 = Release|Any CPU
		{FC42BCFD-7469-42D0-9C62-667A618DA272}.Release|Any CPU.Deploy.0 = Release|Any CPU
	EndGlobalSection
	GlobalSection(SolutionProperties) = preSolution
		HideSolutionNode = FALSE
	EndGlobalSection
	GlobalSection(ExtensibilityGlobals) = postSolution
		SolutionGuid = {9BF0F06A-5D03-4054-A0D6-4E0C013DC7D8}
	EndGlobalSection
EndGlobal
